
Microsoft Visual Studio Solution File, Format Version 12.00
# Visual Studio 15
VisualStudioVersion = 15.0.28010.2050
MinimumVisualStudioVersion = 10.0.40219.1
Project("{FAE04EC0-301F-11D3-BF4B-00C04F79EFBC}") = "Our.Umbraco.SlackLoggerNotifications", "Our.Umbraco.SlackLoggerNotifications\Our.Umbraco.SlackLoggerNotifications.csproj", "{FBE85827-5BDD-4031-B29B-04E2731B22F5}"
EndProject
Project("{FAE04EC0-301F-11D3-BF4B-00C04F79EFBC}") = "TestWebsite", "TestWebsite\TestWebsite.csproj", "{EAD56A1D-9345-4296-A693-A8CB0DB8F384}"
EndProject
Global
	GlobalSection(SolutionConfigurationPlatforms) = preSolution
		Debug|Any CPU = Debug|Any CPU
		Release|Any CPU = Release|Any CPU
	EndGlobalSection
	GlobalSection(ProjectConfigurationPlatforms) = postSolution
		{FBE85827-5BDD-4031-B29B-04E2731B22F5}.Debug|Any CPU.ActiveCfg = Debug|Any CPU
		{FBE85827-5BDD-4031-B29B-04E2731B22F5}.Debug|Any CPU.Build.0 = Debug|Any CPU
		{FBE85827-5BDD-4031-B29B-04E2731B22F5}.Release|Any CPU.ActiveCfg = Release|Any CPU
		{FBE85827-5BDD-4031-B29B-04E2731B22F5}.Release|Any CPU.Build.0 = Release|Any CPU
		{EAD56A1D-9345-4296-A693-A8CB0DB8F384}.Debug|Any CPU.ActiveCfg = Debug|Any CPU
		{EAD56A1D-9345-4296-A693-A8CB0DB8F384}.Debug|Any CPU.Build.0 = Debug|Any CPU
		{EAD56A1D-9345-4296-A693-A8CB0DB8F384}.Release|Any CPU.ActiveCfg = Release|Any CPU
		{EAD56A1D-9345-4296-A693-A8CB0DB8F384}.Release|Any CPU.Build.0 = Release|Any CPU
	EndGlobalSection
	GlobalSection(SolutionProperties) = preSolution
		HideSolutionNode = FALSE
	EndGlobalSection
	GlobalSection(ExtensibilityGlobals) = postSolution
		SolutionGuid = {E11D3E56-ED3F-4ECD-A46A-1FD193D46104}
	EndGlobalSection
EndGlobal
